<?xml version="1.0" encoding="utf-8"?>
<Project ToolsVersion="4.0" xmlns="http://schemas.microsoft.com/developer/msbuild/2003">
  <ItemGroup>
    <ClCompile Include="Actions.cpp">
      <Filter>Source Files</Filter>
    </ClCompile>
    <ClCompile Include="Conditions.cpp">
      <Filter>Source Files</Filter>
    </ClCompile>
    <ClCompile Include="Edittime.cpp">
      <Filter>Source Files</Filter>
    </ClCompile>
    <ClCompile Include="Expressions.cpp">
      <Filter>Source Files</Filter>
    </ClCompile>
    <ClCompile Include="Extension.cpp">
      <Filter>Source Files</Filter>
    </ClCompile>
    <ClCompile Include="General.cpp">
      <Filter>Source Files</Filter>
    </ClCompile>
    <ClCompile Include="Runtime.cpp">
      <Filter>Source Files</Filter>
    </ClCompile>
    <ClCompile Include="..\Lib\Shared\ObjectSelection.cpp">
      <Filter>Global to all extensions</Filter>
    </ClCompile>
    <ClCompile Include="..\Lib\Shared\Edif.Runtime.cpp">
      <Filter>Global to all extensions\Edif</Filter>
    </ClCompile>
    <ClCompile Include="..\Lib\Shared\Edif.General.cpp">
      <Filter>Global to all extensions\Edif</Filter>
    </ClCompile>
    <ClCompile Include="..\Lib\Windows\Edif.Edittime.cpp">
      <Filter>Global to all extensions\Edif</Filter>
    </ClCompile>
    <ClCompile Include="..\Lib\Shared\Edif.cpp">
      <Filter>Global to all extensions\Edif</Filter>
    </ClCompile>
    <ClCompile Include="..\Lib\Shared\DarkEdif.cpp">
      <Filter>Global to all extensions\Edif</Filter>
    </ClCompile>
    <ClCompile Include="..\Lib\Shared\json.cpp">
      <Filter>Global to all extensions\Edif\JSON</Filter>
    </ClCompile>
    <ClCompile Include="Private\ChromaAnimationAPI.cpp">
      <Filter>Razer\Private</Filter>
    </ClCompile>
    <ClCompile Include="Private\ChromaSDKPluginTypes.cpp">
      <Filter>Razer\Private</Filter>
    </ClCompile>
    <ClCompile Include="WrapperXLuaGlobal.cpp">
      <Filter>LuaWrapper</Filter>
    </ClCompile>
    <ClCompile Include="WrapperXLuaState.cpp">
      <Filter>LuaWrapper</Filter>
    </ClCompile>
    <ClCompile Include="WrapperXLua.cpp">
      <Filter>LuaWrapper</Filter>
    </ClCompile>
  </ItemGroup>
  <ItemGroup>
    <ClInclude Include="Extension.h">
      <Filter>Header Files</Filter>
    </ClInclude>
    <ClInclude Include="Common.h">
      <Filter>Header Files</Filter>
    </ClInclude>
    <ClInclude Include="Resource.h">
      <Filter>Resource Files</Filter>
    </ClInclude>
    <ClInclude Include="..\Inc\Windows\MMFMasterHeader.h">
      <Filter>Global to all extensions</Filter>
    </ClInclude>
    <ClInclude Include="..\Inc\Shared\ObjectSelection.h">
      <Filter>Global to all extensions</Filter>
    </ClInclude>
    <ClInclude Include="..\Inc\Shared\Edif.h">
      <Filter>Global to all extensions\Edif</Filter>
    </ClInclude>
    <ClInclude Include="..\Inc\Shared\DarkEdif.h">
      <Filter>Global to all extensions\Edif</Filter>
    </ClInclude>
    <ClInclude Include="..\Inc\Shared\json.h">
      <Filter>Global to all extensions\Edif\JSON</Filter>
    </ClInclude>
    <ClInclude Include="Public\ChromaAnimationAPI.h">
      <Filter>Razer\Public</Filter>
    </ClInclude>
    <ClInclude Include="Public\ChromaSDKPluginTypes.h">
      <Filter>Razer\Public</Filter>
    </ClInclude>
    <ClInclude Include="Public\RzChromaSDKDefines.h">
      <Filter>Razer\Public</Filter>
    </ClInclude>
    <ClInclude Include="Public\RzChromaSDKTypes.h">
      <Filter>Razer\Public</Filter>
    </ClInclude>
    <ClInclude Include="Public\RzErrors.h">
      <Filter>Razer\Public</Filter>
    </ClInclude>
    <ClInclude Include="WrapperXLuaGlobal.h">
      <Filter>LuaWrapper</Filter>
    </ClInclude>
    <ClInclude Include="WrapperXLuaState.h">
      <Filter>LuaWrapper</Filter>
    </ClInclude>
    <ClInclude Include="WrapperXLua.h">
      <Filter>LuaWrapper</Filter>
    </ClInclude>
  </ItemGroup>
  <ItemGroup>
    <None Include="Icon.png">
      <Filter>Resource Files</Filter>
    </None>
    <None Include="DarkExt.json">
      <Filter>Resource Files</Filter>
    </None>
  </ItemGroup>
  <ItemGroup>
    <Filter Include="Header Files">
      <UniqueIdentifier>{00ffa75c-e383-4351-97c4-6bc0941e8a35}</UniqueIdentifier>
    </Filter>
    <Filter Include="Global to all extensions">
      <UniqueIdentifier>{fac537de-dd1c-477e-95c3-33dade7ec05a}</UniqueIdentifier>
    </Filter>
    <Filter Include="Source Files">
      <UniqueIdentifier>{6e804729-2eba-4680-afdd-6e3820b39f2e}</UniqueIdentifier>
    </Filter>
    <Filter Include="Global to all extensions\Edif">
      <UniqueIdentifier>{bcad2bc1-a5a5-43ef-af50-f4f85f2ac96d}</UniqueIdentifier>
    </Filter>
    <Filter Include="Global to all extensions\Edif\JSON">
      <UniqueIdentifier>{02e6e218-4a41-4a0c-b940-e05e798934bb}</UniqueIdentifier>
    </Filter>
    <Filter Include="Resource Files">
      <UniqueIdentifier>{00a9f5d7-fa2d-405e-bb97-fdd3f6e33af2}</UniqueIdentifier>
    </Filter>
    <Filter Include="Razer">
      <UniqueIdentifier>{ee0d847b-68b4-4f1c-9091-85e67c2fe334}</UniqueIdentifier>
    </Filter>
    <Filter Include="Razer\Private">
      <UniqueIdentifier>{7f745532-8c58-4cc0-bbfd-311757748dc7}</UniqueIdentifier>
    </Filter>
    <Filter Include="Razer\Public">
      <UniqueIdentifier>{b49b88d9-7878-474a-b913-cee98f0f4768}</UniqueIdentifier>
    </Filter>
    <Filter Include="Lua">
      <UniqueIdentifier>{a63c0a0d-5b2f-437c-a671-61ed99b598f8}</UniqueIdentifier>
    </Filter>
    <Filter Include="LuaWrapper">
      <UniqueIdentifier>{9b24408a-2703-413c-b818-a1a2232bed2d}</UniqueIdentifier>
    </Filter>
  </ItemGroup>
  <ItemGroup>
    <ResourceCompile Include="Ext.rc">
      <Filter>Resource Files</Filter>
    </ResourceCompile>
  </ItemGroup>
  <ItemGroup>
    <Object Include="..\..\..\XLua\XLua\$(Configuration)\Accessor.obj">
      <Filter>Lua</Filter>
    </Object>
    <Object Include="..\..\..\XLua\XLua\$(Configuration)\AutoComplete.obj">
      <Filter>Lua</Filter>
    </Object>
    <Object Include="..\..\..\XLua\XLua\$(Configuration)\bit.obj">
      <Filter>Lua</Filter>
    </Object>
    <Object Include="..\..\..\XLua\XLua\$(Configuration)\CallStack.obj">
      <Filter>Lua</Filter>
    </Object>
    <Object Include="..\..\..\XLua\XLua\$(Configuration)\CallStackFrame.obj">
      <Filter>Lua</Filter>
    </Object>
    <Object Include="..\..\..\XLua\XLua\$(Configuration)\CallTip.obj">
      <Filter>Lua</Filter>
    </Object>
    <Object Include="..\..\..\XLua\XLua\$(Configuration)\Catalogue.obj">
      <Filter>Lua</Filter>
    </Object>
    <Object Include="..\..\..\XLua\XLua\$(Configuration)\CellBuffer.obj">
      <Filter>Lua</Filter>
    </Object>
    <Object Include="..\..\..\XLua\XLua\$(Configuration)\CharacterSet.obj">
      <Filter>Lua</Filter>
    </Object>
    <Object Include="..\..\..\XLua\XLua\$(Configuration)\CharClassify.obj">
      <Filter>Lua</Filter>
    </Object>
    <Object Include="..\..\..\XLua\XLua\$(Configuration)\ContractionState.obj">
      <Filter>Lua</Filter>
    </Object>
    <Object Include="..\..\..\XLua\XLua\$(Configuration)\Decoration.obj">
      <Filter>Lua</Filter>
    </Object>
    <Object Include="..\..\..\XLua\XLua\$(Configuration)\Document.obj">
      <Filter>Lua</Filter>
    </Object>
    <Object Include="..\..\..\XLua\XLua\$(Configuration)\Editor.obj">
      <Filter>Lua</Filter>
    </Object>
    <Object Include="..\..\..\XLua\XLua\$(Configuration)\EditSci.obj">
      <Filter>Lua</Filter>
    </Object>
    <Object Include="..\..\..\XLua\XLua\$(Configuration)\ExternalLexer.obj">
      <Filter>Lua</Filter>
    </Object>
    <Object Include="..\..\..\XLua\XLua\$(Configuration)\Indicator.obj">
      <Filter>Lua</Filter>
    </Object>
    <Object Include="..\..\..\XLua\XLua\$(Configuration)\KeyMap.obj">
      <Filter>Lua</Filter>
    </Object>
    <Object Include="..\..\..\XLua\XLua\$(Configuration)\lapi.obj">
      <Filter>Lua</Filter>
    </Object>
    <Object Include="..\..\..\XLua\XLua\$(Configuration)\lauxlib.obj">
      <Filter>Lua</Filter>
    </Object>
    <Object Include="..\..\..\XLua\XLua\$(Configuration)\lbaselib.obj">
      <Filter>Lua</Filter>
    </Object>
    <Object Include="..\..\..\XLua\XLua\$(Configuration)\lcoco.obj">
      <Filter>Lua</Filter>
    </Object>
    <Object Include="..\..\..\XLua\XLua\$(Configuration)\lcode.obj">
      <Filter>Lua</Filter>
    </Object>
    <Object Include="..\..\..\XLua\XLua\$(Configuration)\ldblib.obj">
      <Filter>Lua</Filter>
    </Object>
    <Object Include="..\..\..\XLua\XLua\$(Configuration)\ldebug.obj">
      <Filter>Lua</Filter>
    </Object>
    <Object Include="..\..\..\XLua\XLua\$(Configuration)\ldo.obj">
      <Filter>Lua</Filter>
    </Object>
    <Object Include="..\..\..\XLua\XLua\$(Configuration)\ldump.obj">
      <Filter>Lua</Filter>
    </Object>
    <Object Include="..\..\..\XLua\XLua\$(Configuration)\LexerBase.obj">
      <Filter>Lua</Filter>
    </Object>
    <Object Include="..\..\..\XLua\XLua\$(Configuration)\LexerModule.obj">
      <Filter>Lua</Filter>
    </Object>
    <Object Include="..\..\..\XLua\XLua\$(Configuration)\LexerNoExceptions.obj">
      <Filter>Lua</Filter>
    </Object>
    <Object Include="..\..\..\XLua\XLua\$(Configuration)\LexerSimple.obj">
      <Filter>Lua</Filter>
    </Object>
    <Object Include="..\..\..\XLua\XLua\$(Configuration)\LexLua.obj">
      <Filter>Lua</Filter>
    </Object>
    <Object Include="..\..\..\XLua\XLua\$(Configuration)\lfunc.obj">
      <Filter>Lua</Filter>
    </Object>
    <Object Include="..\..\..\XLua\XLua\$(Configuration)\lgc.obj">
      <Filter>Lua</Filter>
    </Object>
    <Object Include="..\..\..\XLua\XLua\$(Configuration)\LineMarker.obj">
      <Filter>Lua</Filter>
    </Object>
    <Object Include="..\..\..\XLua\XLua\$(Configuration)\linit.obj">
      <Filter>Lua</Filter>
    </Object>
    <Object Include="..\..\..\XLua\XLua\$(Configuration)\liolib.obj">
      <Filter>Lua</Filter>
    </Object>
    <Object Include="..\..\..\XLua\XLua\$(Configuration)\ljit_backend.obj">
      <Filter>Lua</Filter>
    </Object>
    <Object Include="..\..\..\XLua\XLua\$(Configuration)\ljit_core.obj">
      <Filter>Lua</Filter>
    </Object>
    <Object Include="..\..\..\XLua\XLua\$(Configuration)\ljit_dasm.obj">
      <Filter>Lua</Filter>
    </Object>
    <Object Include="..\..\..\XLua\XLua\$(Configuration)\ljit_mem.obj">
      <Filter>Lua</Filter>
    </Object>
    <Object Include="..\..\..\XLua\XLua\$(Configuration)\ljitlib.obj">
      <Filter>Lua</Filter>
    </Object>
    <Object Include="..\..\..\XLua\XLua\$(Configuration)\llex.obj">
      <Filter>Lua</Filter>
    </Object>
    <Object Include="..\..\..\XLua\XLua\$(Configuration)\lmathlib.obj">
      <Filter>Lua</Filter>
    </Object>
    <Object Include="..\..\..\XLua\XLua\$(Configuration)\lmem.obj">
      <Filter>Lua</Filter>
    </Object>
    <Object Include="..\..\..\XLua\XLua\$(Configuration)\loadlib.obj">
      <Filter>Lua</Filter>
    </Object>
    <Object Include="..\..\..\XLua\XLua\$(Configuration)\lobject.obj">
      <Filter>Lua</Filter>
    </Object>
    <Object Include="..\..\..\XLua\XLua\$(Configuration)\lopcodes.obj">
      <Filter>Lua</Filter>
    </Object>
    <Object Include="..\..\..\XLua\XLua\$(Configuration)\loslib.obj">
      <Filter>Lua</Filter>
    </Object>
    <Object Include="..\..\..\XLua\XLua\$(Configuration)\lparser.obj">
      <Filter>Lua</Filter>
    </Object>
    <Object Include="..\..\..\XLua\XLua\$(Configuration)\lstate.obj">
      <Filter>Lua</Filter>
    </Object>
    <Object Include="..\..\..\XLua\XLua\$(Configuration)\lstring.obj">
      <Filter>Lua</Filter>
    </Object>
    <Object Include="..\..\..\XLua\XLua\$(Configuration)\lstrlib.obj">
      <Filter>Lua</Filter>
    </Object>
    <Object Include="..\..\..\XLua\XLua\$(Configuration)\ltable.obj">
      <Filter>Lua</Filter>
    </Object>
    <Object Include="..\..\..\XLua\XLua\$(Configuration)\ltablib.obj">
      <Filter>Lua</Filter>
    </Object>
    <Object Include="..\..\..\XLua\XLua\$(Configuration)\ltm.obj">
      <Filter>Lua</Filter>
    </Object>
    <Object Include="..\..\..\XLua\XLua\$(Configuration)\LuaMMF.obj">
      <Filter>Lua</Filter>
    </Object>
    <Object Include="..\..\..\XLua\XLua\$(Configuration)\LuaParam.obj">
      <Filter>Lua</Filter>
    </Object>
    <Object Include="..\..\..\XLua\XLua\$(Configuration)\LuaXLua.obj">
      <Filter>Lua</Filter>
    </Object>
    <Object Include="..\..\..\XLua\XLua\$(Configuration)\lundump.obj">
      <Filter>Lua</Filter>
    </Object>
    <Object Include="..\..\..\XLua\XLua\$(Configuration)\lvm.obj">
      <Filter>Lua</Filter>
    </Object>
    <Object Include="..\..\..\XLua\XLua\$(Configuration)\lzio.obj">
      <Filter>Lua</Filter>
    </Object>
    <Object Include="..\..\..\XLua\XLua\$(Configuration)\MainActions.obj">
      <Filter>Lua</Filter>
    </Object>
    <Object Include="..\..\..\XLua\XLua\$(Configuration)\MainConditions.obj">
      <Filter>Lua</Filter>
    </Object>
    <Object Include="..\..\..\XLua\XLua\$(Configuration)\MainExpressions.obj">
      <Filter>Lua</Filter>
    </Object>
    <Object Include="..\..\..\XLua\XLua\$(Configuration)\PerLine.obj">
      <Filter>Lua</Filter>
    </Object>
    <Object Include="..\..\..\XLua\XLua\$(Configuration)\PlatWin.obj">
      <Filter>Lua</Filter>
    </Object>
    <Object Include="..\..\..\XLua\XLua\$(Configuration)\PositionCache.obj">
      <Filter>Lua</Filter>
    </Object>
    <Object Include="..\..\..\XLua\XLua\$(Configuration)\PropSetSimple.obj">
      <Filter>Lua</Filter>
    </Object>
    <Object Include="..\..\..\XLua\XLua\$(Configuration)\RESearch.obj">
      <Filter>Lua</Filter>
    </Object>
    <Object Include="..\..\..\XLua\XLua\$(Configuration)\RunStyles.obj">
      <Filter>Lua</Filter>
    </Object>
    <Object Include="..\..\..\XLua\XLua\$(Configuration)\ScintillaBase.obj">
      <Filter>Lua</Filter>
    </Object>
    <Object Include="..\..\..\XLua\XLua\$(Configuration)\ScintillaWin.obj">
      <Filter>Lua</Filter>
    </Object>
    <Object Include="..\..\..\XLua\XLua\$(Configuration)\Selection.obj">
      <Filter>Lua</Filter>
    </Object>
    <Object Include="..\..\..\XLua\XLua\$(Configuration)\Style.obj">
      <Filter>Lua</Filter>
    </Object>
    <Object Include="..\..\..\XLua\XLua\$(Configuration)\StyleContext.obj">
      <Filter>Lua</Filter>
    </Object>
    <Object Include="..\..\..\XLua\XLua\$(Configuration)\UniConversion.obj">
      <Filter>Lua</Filter>
    </Object>
    <Object Include="..\..\..\XLua\XLua\$(Configuration)\ViewStyle.obj">
      <Filter>Lua</Filter>
    </Object>
    <Object Include="..\..\..\XLua\XLua\$(Configuration)\WordList.obj">
      <Filter>Lua</Filter>
    </Object>
    <Object Include="..\..\..\XLua\XLua\$(Configuration)\xlua.obj">
      <Filter>Lua</Filter>
    </Object>
    <Object Include="..\..\..\XLua\XLua\$(Configuration)\XLuaGlobal.obj">
      <Filter>Lua</Filter>
    </Object>
    <Object Include="..\..\..\XLua\XLua\$(Configuration)\XLuaObject.obj">
      <Filter>Lua</Filter>
    </Object>
    <Object Include="..\..\..\XLua\XLua\$(Configuration)\XLuaState.obj">
      <Filter>Lua</Filter>
    </Object>
    <Object Include="..\..\..\XLua\XLua\$(Configuration)\XPM.obj">
      <Filter>Lua</Filter>
    </Object>
  </ItemGroup>
</Project>