<?xml version="1.0" encoding="utf-8"?>
<Project ToolsVersion="4.0" xmlns="http://schemas.microsoft.com/developer/msbuild/2003">
  <ItemGroup>
    <ClCompile Include="Actions.cpp">
      <Filter>Source Files</Filter>
    </ClCompile>
    <ClCompile Include="Conditions.cpp">
      <Filter>Source Files</Filter>
    </ClCompile>
    <ClCompile Include="Edittime.cpp">
      <Filter>Source Files</Filter>
    </ClCompile>
    <ClCompile Include="Expressions.cpp">
      <Filter>Source Files</Filter>
    </ClCompile>
    <ClCompile Include="Extension.cpp">
      <Filter>Source Files</Filter>
    </ClCompile>
    <ClCompile Include="General.cpp">
      <Filter>Source Files</Filter>
    </ClCompile>
    <ClCompile Include="Runtime.cpp">
      <Filter>Source Files</Filter>
    </ClCompile>
    <ClCompile Include="..\Lib\Shared\ObjectSelection.cpp">
      <Filter>Global to all extensions</Filter>
    </ClCompile>
    <ClCompile Include="..\Lib\Shared\Edif.Runtime.cpp">
      <Filter>Global to all extensions\Edif</Filter>
    </ClCompile>
    <ClCompile Include="..\Lib\Shared\Edif.General.cpp">
      <Filter>Global to all extensions\Edif</Filter>
    </ClCompile>
    <ClCompile Include="..\Lib\Windows\Edif.Edittime.cpp">
      <Filter>Global to all extensions\Edif</Filter>
    </ClCompile>
    <ClCompile Include="..\Lib\Shared\Edif.cpp">
      <Filter>Global to all extensions\Edif</Filter>
    </ClCompile>
    <ClCompile Include="..\Lib\Shared\DarkEdif.cpp">
      <Filter>Global to all extensions\Edif</Filter>
    </ClCompile>
    <ClCompile Include="..\Lib\Shared\json.cpp">
      <Filter>Global to all extensions\Edif\JSON</Filter>
    </ClCompile>
    <ClCompile Include="Private\ChromaAnimationAPI.cpp">
      <Filter>Razer\Private</Filter>
    </ClCompile>
    <ClCompile Include="Private\ChromaSDKPluginTypes.cpp">
      <Filter>Razer\Private</Filter>
    </ClCompile>
    <ClCompile Include="WrapperXLuaGlobal.cpp">
      <Filter>LuaWrapper</Filter>
    </ClCompile>
    <ClCompile Include="WrapperXLuaState.cpp">
      <Filter>LuaWrapper</Filter>
    </ClCompile>
    <ClCompile Include="WrapperXLua.cpp">
      <Filter>LuaWrapper</Filter>
    </ClCompile>
  </ItemGroup>
  <ItemGroup>
    <ClInclude Include="Extension.h">
      <Filter>Header Files</Filter>
    </ClInclude>
    <ClInclude Include="Common.h">
      <Filter>Header Files</Filter>
    </ClInclude>
    <ClInclude Include="Resource.h">
      <Filter>Resource Files</Filter>
    </ClInclude>
    <ClInclude Include="..\Inc\Windows\MMFMasterHeader.h">
      <Filter>Global to all extensions</Filter>
    </ClInclude>
    <ClInclude Include="..\Inc\Shared\ObjectSelection.h">
      <Filter>Global to all extensions</Filter>
    </ClInclude>
    <ClInclude Include="..\Inc\Shared\Edif.h">
      <Filter>Global to all extensions\Edif</Filter>
    </ClInclude>
    <ClInclude Include="..\Inc\Shared\DarkEdif.h">
      <Filter>Global to all extensions\Edif</Filter>
    </ClInclude>
    <ClInclude Include="..\Inc\Shared\json.h">
      <Filter>Global to all extensions\Edif\JSON</Filter>
    </ClInclude>
    <ClInclude Include="Public\ChromaAnimationAPI.h">
      <Filter>Razer\Public</Filter>
    </ClInclude>
    <ClInclude Include="Public\ChromaSDKPluginTypes.h">
      <Filter>Razer\Public</Filter>
    </ClInclude>
    <ClInclude Include="Public\RzChromaSDKDefines.h">
      <Filter>Razer\Public</Filter>
    </ClInclude>
    <ClInclude Include="Public\RzChromaSDKTypes.h">
      <Filter>Razer\Public</Filter>
    </ClInclude>
    <ClInclude Include="Public\RzErrors.h">
      <Filter>Razer\Public</Filter>
    </ClInclude>
    <ClInclude Include="WrapperXLuaGlobal.h">
      <Filter>LuaWrapper</Filter>
    </ClInclude>
    <ClInclude Include="WrapperXLuaState.h">
      <Filter>LuaWrapper</Filter>
    </ClInclude>
    <ClInclude Include="WrapperXLua.h">
      <Filter>LuaWrapper</Filter>
    </ClInclude>
  </ItemGroup>
  <ItemGroup>
    <None Include="Icon.png">
      <Filter>Resource Files</Filter>
    </None>
    <None Include="DarkExt.json">
      <Filter>Resource Files</Filter>
    </None>
  </ItemGroup>
  <ItemGroup>
    <Filter Include="Header Files">
      <UniqueIdentifier>{00ffa75c-e383-4351-97c4-6bc0941e8a35}</UniqueIdentifier>
    </Filter>
    <Filter Include="Global to all extensions">
      <UniqueIdentifier>{fac537de-dd1c-477e-95c3-33dade7ec05a}</UniqueIdentifier>
    </Filter>
    <Filter Include="Source Files">
      <UniqueIdentifier>{6e804729-2eba-4680-afdd-6e3820b39f2e}</UniqueIdentifier>
    </Filter>
    <Filter Include="Global to all extensions\Edif">
      <UniqueIdentifier>{bcad2bc1-a5a5-43ef-af50-f4f85f2ac96d}</UniqueIdentifier>
    </Filter>
    <Filter Include="Global to all extensions\Edif\JSON">
      <UniqueIdentifier>{02e6e218-4a41-4a0c-b940-e05e798934bb}</UniqueIdentifier>
    </Filter>
    <Filter Include="Resource Files">
      <UniqueIdentifier>{00a9f5d7-fa2d-405e-bb97-fdd3f6e33af2}</UniqueIdentifier>
    </Filter>
    <Filter Include="Razer">
      <UniqueIdentifier>{ee0d847b-68b4-4f1c-9091-85e67c2fe334}</UniqueIdentifier>
    </Filter>
    <Filter Include="Razer\Private">
      <UniqueIdentifier>{7f745532-8c58-4cc0-bbfd-311757748dc7}</UniqueIdentifier>
    </Filter>
    <Filter Include="Razer\Public">
      <UniqueIdentifier>{b49b88d9-7878-474a-b913-cee98f0f4768}</UniqueIdentifier>
    </Filter>
    <Filter Include="Lua">
      <UniqueIdentifier>{a63c0a0d-5b2f-437c-a671-61ed99b598f8}</UniqueIdentifier>
    </Filter>
    <Filter Include="LuaWrapper">
      <UniqueIdentifier>{9b24408a-2703-413c-b818-a1a2232bed2d}</UniqueIdentifier>
    </Filter>
  </ItemGroup>
  <ItemGroup>
    <ResourceCompile Include="Ext.rc">
      <Filter>Resource Files</Filter>
    </ResourceCompile>
  </ItemGroup>
  <ItemGroup>
    <Object Include="..\..\..\XLua\XLua\Debug\Accessor.obj">
      <Filter>Lua</Filter>
    </Object>
    <Object Include="..\..\..\XLua\XLua\Debug\AutoComplete.obj">
      <Filter>Lua</Filter>
    </Object>
    <Object Include="..\..\..\XLua\XLua\Debug\bit.obj">
      <Filter>Lua</Filter>
    </Object>
    <Object Include="..\..\..\XLua\XLua\Debug\CallStack.obj">
      <Filter>Lua</Filter>
    </Object>
    <Object Include="..\..\..\XLua\XLua\Debug\CallStackFrame.obj">
      <Filter>Lua</Filter>
    </Object>
    <Object Include="..\..\..\XLua\XLua\Debug\CallTip.obj">
      <Filter>Lua</Filter>
    </Object>
    <Object Include="..\..\..\XLua\XLua\Debug\Catalogue.obj">
      <Filter>Lua</Filter>
    </Object>
    <Object Include="..\..\..\XLua\XLua\Debug\CellBuffer.obj">
      <Filter>Lua</Filter>
    </Object>
    <Object Include="..\..\..\XLua\XLua\Debug\CharacterSet.obj">
      <Filter>Lua</Filter>
    </Object>
    <Object Include="..\..\..\XLua\XLua\Debug\CharClassify.obj">
      <Filter>Lua</Filter>
    </Object>
    <Object Include="..\..\..\XLua\XLua\Debug\ContractionState.obj">
      <Filter>Lua</Filter>
    </Object>
    <Object Include="..\..\..\XLua\XLua\Debug\Decoration.obj">
      <Filter>Lua</Filter>
    </Object>
    <Object Include="..\..\..\XLua\XLua\Debug\Document.obj">
      <Filter>Lua</Filter>
    </Object>
    <Object Include="..\..\..\XLua\XLua\Debug\Editor.obj">
      <Filter>Lua</Filter>
    </Object>
    <Object Include="..\..\..\XLua\XLua\Debug\EditSci.obj">
      <Filter>Lua</Filter>
    </Object>
    <Object Include="..\..\..\XLua\XLua\Debug\ExternalLexer.obj">
      <Filter>Lua</Filter>
    </Object>
    <Object Include="..\..\..\XLua\XLua\Debug\Indicator.obj">
      <Filter>Lua</Filter>
    </Object>
    <Object Include="..\..\..\XLua\XLua\Debug\KeyMap.obj">
      <Filter>Lua</Filter>
    </Object>
    <Object Include="..\..\..\XLua\XLua\Debug\lapi.obj">
      <Filter>Lua</Filter>
    </Object>
    <Object Include="..\..\..\XLua\XLua\Debug\lauxlib.obj">
      <Filter>Lua</Filter>
    </Object>
    <Object Include="..\..\..\XLua\XLua\Debug\lbaselib.obj">
      <Filter>Lua</Filter>
    </Object>
    <Object Include="..\..\..\XLua\XLua\Debug\lcoco.obj">
      <Filter>Lua</Filter>
    </Object>
    <Object Include="..\..\..\XLua\XLua\Debug\lcode.obj">
      <Filter>Lua</Filter>
    </Object>
    <Object Include="..\..\..\XLua\XLua\Debug\ldblib.obj">
      <Filter>Lua</Filter>
    </Object>
    <Object Include="..\..\..\XLua\XLua\Debug\ldebug.obj">
      <Filter>Lua</Filter>
    </Object>
    <Object Include="..\..\..\XLua\XLua\Debug\ldo.obj">
      <Filter>Lua</Filter>
    </Object>
    <Object Include="..\..\..\XLua\XLua\Debug\ldump.obj">
      <Filter>Lua</Filter>
    </Object>
    <Object Include="..\..\..\XLua\XLua\Debug\LexerBase.obj">
      <Filter>Lua</Filter>
    </Object>
    <Object Include="..\..\..\XLua\XLua\Debug\LexerModule.obj">
      <Filter>Lua</Filter>
    </Object>
    <Object Include="..\..\..\XLua\XLua\Debug\LexerNoExceptions.obj">
      <Filter>Lua</Filter>
    </Object>
    <Object Include="..\..\..\XLua\XLua\Debug\LexerSimple.obj">
      <Filter>Lua</Filter>
    </Object>
    <Object Include="..\..\..\XLua\XLua\Debug\LexLua.obj">
      <Filter>Lua</Filter>
    </Object>
    <Object Include="..\..\..\XLua\XLua\Debug\lfunc.obj">
      <Filter>Lua</Filter>
    </Object>
    <Object Include="..\..\..\XLua\XLua\Debug\lgc.obj">
      <Filter>Lua</Filter>
    </Object>
    <Object Include="..\..\..\XLua\XLua\Debug\LineMarker.obj">
      <Filter>Lua</Filter>
    </Object>
    <Object Include="..\..\..\XLua\XLua\Debug\linit.obj">
      <Filter>Lua</Filter>
    </Object>
    <Object Include="..\..\..\XLua\XLua\Debug\liolib.obj">
      <Filter>Lua</Filter>
    </Object>
    <Object Include="..\..\..\XLua\XLua\Debug\ljit_backend.obj">
      <Filter>Lua</Filter>
    </Object>
    <Object Include="..\..\..\XLua\XLua\Debug\ljit_core.obj">
      <Filter>Lua</Filter>
    </Object>
    <Object Include="..\..\..\XLua\XLua\Debug\ljit_dasm.obj">
      <Filter>Lua</Filter>
    </Object>
    <Object Include="..\..\..\XLua\XLua\Debug\ljit_mem.obj">
      <Filter>Lua</Filter>
    </Object>
    <Object Include="..\..\..\XLua\XLua\Debug\ljitlib.obj">
      <Filter>Lua</Filter>
    </Object>
    <Object Include="..\..\..\XLua\XLua\Debug\llex.obj">
      <Filter>Lua</Filter>
    </Object>
    <Object Include="..\..\..\XLua\XLua\Debug\lmathlib.obj">
      <Filter>Lua</Filter>
    </Object>
    <Object Include="..\..\..\XLua\XLua\Debug\lmem.obj">
      <Filter>Lua</Filter>
    </Object>
    <Object Include="..\..\..\XLua\XLua\Debug\loadlib.obj">
      <Filter>Lua</Filter>
    </Object>
    <Object Include="..\..\..\XLua\XLua\Debug\lobject.obj">
      <Filter>Lua</Filter>
    </Object>
    <Object Include="..\..\..\XLua\XLua\Debug\lopcodes.obj">
      <Filter>Lua</Filter>
    </Object>
    <Object Include="..\..\..\XLua\XLua\Debug\loslib.obj">
      <Filter>Lua</Filter>
    </Object>
    <Object Include="..\..\..\XLua\XLua\Debug\lparser.obj">
      <Filter>Lua</Filter>
    </Object>
    <Object Include="..\..\..\XLua\XLua\Debug\lstate.obj">
      <Filter>Lua</Filter>
    </Object>
    <Object Include="..\..\..\XLua\XLua\Debug\lstring.obj">
      <Filter>Lua</Filter>
    </Object>
    <Object Include="..\..\..\XLua\XLua\Debug\lstrlib.obj">
      <Filter>Lua</Filter>
    </Object>
    <Object Include="..\..\..\XLua\XLua\Debug\ltable.obj">
      <Filter>Lua</Filter>
    </Object>
    <Object Include="..\..\..\XLua\XLua\Debug\ltablib.obj">
      <Filter>Lua</Filter>
    </Object>
    <Object Include="..\..\..\XLua\XLua\Debug\ltm.obj">
      <Filter>Lua</Filter>
    </Object>
    <Object Include="..\..\..\XLua\XLua\Debug\LuaMMF.obj">
      <Filter>Lua</Filter>
    </Object>
    <Object Include="..\..\..\XLua\XLua\Debug\LuaParam.obj">
      <Filter>Lua</Filter>
    </Object>
    <Object Include="..\..\..\XLua\XLua\Debug\LuaXLua.obj">
      <Filter>Lua</Filter>
    </Object>
    <Object Include="..\..\..\XLua\XLua\Debug\lundump.obj">
      <Filter>Lua</Filter>
    </Object>
    <Object Include="..\..\..\XLua\XLua\Debug\lvm.obj">
      <Filter>Lua</Filter>
    </Object>
    <Object Include="..\..\..\XLua\XLua\Debug\lzio.obj">
      <Filter>Lua</Filter>
    </Object>
    <Object Include="..\..\..\XLua\XLua\Debug\MainActions.obj">
      <Filter>Lua</Filter>
    </Object>
    <Object Include="..\..\..\XLua\XLua\Debug\MainConditions.obj">
      <Filter>Lua</Filter>
    </Object>
    <Object Include="..\..\..\XLua\XLua\Debug\MainExpressions.obj">
      <Filter>Lua</Filter>
    </Object>
    <Object Include="..\..\..\XLua\XLua\Debug\PerLine.obj">
      <Filter>Lua</Filter>
    </Object>
    <Object Include="..\..\..\XLua\XLua\Debug\PlatWin.obj">
      <Filter>Lua</Filter>
    </Object>
    <Object Include="..\..\..\XLua\XLua\Debug\PositionCache.obj">
      <Filter>Lua</Filter>
    </Object>
    <Object Include="..\..\..\XLua\XLua\Debug\PropSetSimple.obj">
      <Filter>Lua</Filter>
    </Object>
    <Object Include="..\..\..\XLua\XLua\Debug\RESearch.obj">
      <Filter>Lua</Filter>
    </Object>
    <Object Include="..\..\..\XLua\XLua\Debug\RunStyles.obj">
      <Filter>Lua</Filter>
    </Object>
    <Object Include="..\..\..\XLua\XLua\Debug\ScintillaBase.obj">
      <Filter>Lua</Filter>
    </Object>
    <Object Include="..\..\..\XLua\XLua\Debug\ScintillaWin.obj">
      <Filter>Lua</Filter>
    </Object>
    <Object Include="..\..\..\XLua\XLua\Debug\Selection.obj">
      <Filter>Lua</Filter>
    </Object>
    <Object Include="..\..\..\XLua\XLua\Debug\Style.obj">
      <Filter>Lua</Filter>
    </Object>
    <Object Include="..\..\..\XLua\XLua\Debug\StyleContext.obj">
      <Filter>Lua</Filter>
    </Object>
    <Object Include="..\..\..\XLua\XLua\Debug\UniConversion.obj">
      <Filter>Lua</Filter>
    </Object>
    <Object Include="..\..\..\XLua\XLua\Debug\ViewStyle.obj">
      <Filter>Lua</Filter>
    </Object>
    <Object Include="..\..\..\XLua\XLua\Debug\WordList.obj">
      <Filter>Lua</Filter>
    </Object>
    <Object Include="..\..\..\XLua\XLua\Debug\xlua.obj">
      <Filter>Lua</Filter>
    </Object>
    <Object Include="..\..\..\XLua\XLua\Debug\XLuaGlobal.obj">
      <Filter>Lua</Filter>
    </Object>
    <Object Include="..\..\..\XLua\XLua\Debug\XLuaObject.obj">
      <Filter>Lua</Filter>
    </Object>
    <Object Include="..\..\..\XLua\XLua\Debug\XLuaState.obj">
      <Filter>Lua</Filter>
    </Object>
    <Object Include="..\..\..\XLua\XLua\Debug\XPM.obj">
      <Filter>Lua</Filter>
    </Object>
  </ItemGroup>
</Project>